// !$*UTF8*$!
{
	archiveVersion = 1;
	classes = {
	};
	objectVersion = 46;
	objects = {

/* Begin PBXBuildFile section */
		2A7390671D2BEFB100474554 /* CurtainViewController.swift in Sources */ = {isa = PBXBuildFile; fileRef = 2A7390661D2BEFB100474554 /* CurtainViewController.swift */; };
		2A7390691D2BEFC600474554 /* CurtainViewDemo.storyboard in Resources */ = {isa = PBXBuildFile; fileRef = 2A7390681D2BEFC600474554 /* CurtainViewDemo.storyboard */; };
		2A73906E1D2D1CF900474554 /* GPUImageSwipableFilterView.swift in Sources */ = {isa = PBXBuildFile; fileRef = 2A73906D1D2D1CF900474554 /* GPUImageSwipableFilterView.swift */; };
		2A7390701D2D497900474554 /* UIGestureRecgonizer+Extensions.swift in Sources */ = {isa = PBXBuildFile; fileRef = 2A73906F1D2D497900474554 /* UIGestureRecgonizer+Extensions.swift */; };
		2A7390781D2E847300474554 /* GPUImageSwipableVideoFilterView.swift in Sources */ = {isa = PBXBuildFile; fileRef = 2A7390771D2E847300474554 /* GPUImageSwipableVideoFilterView.swift */; };
		2A73907A1D2E866700474554 /* sample-video.mov in Resources */ = {isa = PBXBuildFile; fileRef = 2A7390791D2E866700474554 /* sample-video.mov */; };
		2A77F67D1CDA4217006BECF6 /* Geocoding.storyboard in Resources */ = {isa = PBXBuildFile; fileRef = 2A77F67C1CDA4217006BECF6 /* Geocoding.storyboard */; };
		2A77F67F1CDA4224006BECF6 /* GeocodingViewController.swift in Sources */ = {isa = PBXBuildFile; fileRef = 2A77F67E1CDA4224006BECF6 /* GeocodingViewController.swift */; };
		2A77F6811CDA44A7006BECF6 /* LocationUtils.swift in Sources */ = {isa = PBXBuildFile; fileRef = 2A77F6801CDA44A7006BECF6 /* LocationUtils.swift */; };
		2A77F6851CDA44F9006BECF6 /* Podfile in Resources */ = {isa = PBXBuildFile; fileRef = 2A77F6841CDA44F9006BECF6 /* Podfile */; };
		2A90925A1CD3A5660037A0B8 /* AffineTransformViewController.swift in Sources */ = {isa = PBXBuildFile; fileRef = 2A9092591CD3A5660037A0B8 /* AffineTransformViewController.swift */; };
		2A90925C1CD3A5710037A0B8 /* AffineTransform.storyboard in Resources */ = {isa = PBXBuildFile; fileRef = 2A90925B1CD3A5710037A0B8 /* AffineTransform.storyboard */; };
		2A98D4851D339849007C7CE9 /* ColorSliderDemo.storyboard in Resources */ = {isa = PBXBuildFile; fileRef = 2A98D4841D339849007C7CE9 /* ColorSliderDemo.storyboard */; };
		2A98D4871D339856007C7CE9 /* ColorSliderViewController.swift in Sources */ = {isa = PBXBuildFile; fileRef = 2A98D4861D339856007C7CE9 /* ColorSliderViewController.swift */; };
		2A98D48D1D339EB8007C7CE9 /* ColorSliderView.swift in Sources */ = {isa = PBXBuildFile; fileRef = 2A98D48C1D339EB8007C7CE9 /* ColorSliderView.swift */; };
		2A98D4981D33E52D007C7CE9 /* ManipulableViewDemo.storyboard in Resources */ = {isa = PBXBuildFile; fileRef = 2A98D4971D33E52D007C7CE9 /* ManipulableViewDemo.storyboard */; };
		2A98D49A1D33E53E007C7CE9 /* ManipulableViewController.swift in Sources */ = {isa = PBXBuildFile; fileRef = 2A98D4991D33E53E007C7CE9 /* ManipulableViewController.swift */; };
		2A98D49C1D33E54C007C7CE9 /* ManipulableView.swift in Sources */ = {isa = PBXBuildFile; fileRef = 2A98D49B1D33E54C007C7CE9 /* ManipulableView.swift */; };
		2AC701741CDB61CA0007FF7E /* ControllerTransitions.storyboard in Resources */ = {isa = PBXBuildFile; fileRef = 2AC701731CDB61CA0007FF7E /* ControllerTransitions.storyboard */; };
		2AC701761CDB61F00007FF7E /* MasterTransitionViewController.swift in Sources */ = {isa = PBXBuildFile; fileRef = 2AC701751CDB61F00007FF7E /* MasterTransitionViewController.swift */; };
		2AC701781CDB62100007FF7E /* DetailTransitionViewController.swift in Sources */ = {isa = PBXBuildFile; fileRef = 2AC701771CDB62100007FF7E /* DetailTransitionViewController.swift */; };
		2AC7017A1CDB63670007FF7E /* SlideAnimator.swift in Sources */ = {isa = PBXBuildFile; fileRef = 2AC701791CDB63670007FF7E /* SlideAnimator.swift */; };
		377719298CE0E2B1374CEF26 /* Pods_SwiftDemosTests.framework in Frameworks */ = {isa = PBXBuildFile; fileRef = 18524E9F15CAB140F086ED76 /* Pods_SwiftDemosTests.framework */; };
		3B05C4DAFC8B4A2BED5CC4B6 /* Pods_SwiftDemos.framework in Frameworks */ = {isa = PBXBuildFile; fileRef = B2DD3A04837C6AA0FDCB497A /* Pods_SwiftDemos.framework */; };
		551A059D1CC3EB7E00AB0E22 /* LocalNotificationHandler.swift in Sources */ = {isa = PBXBuildFile; fileRef = 551A059C1CC3EB7E00AB0E22 /* LocalNotificationHandler.swift */; };
		551A059F1CC3EBD800AB0E22 /* MainLocalNotificationHandler.swift in Sources */ = {isa = PBXBuildFile; fileRef = 551A059E1CC3EBD800AB0E22 /* MainLocalNotificationHandler.swift */; };
		551A05A21CC4107800AB0E22 /* AlertUtils.swift in Sources */ = {isa = PBXBuildFile; fileRef = 551A05A11CC4107800AB0E22 /* AlertUtils.swift */; };
		551A05A51CC4109B00AB0E22 /* DemoAlertView.xib in Resources */ = {isa = PBXBuildFile; fileRef = 551A05A41CC4109B00AB0E22 /* DemoAlertView.xib */; };
		551A05A71CC410AD00AB0E22 /* DemoAlertView.swift in Sources */ = {isa = PBXBuildFile; fileRef = 551A05A61CC410AD00AB0E22 /* DemoAlertView.swift */; };
		551A05AA1CC4144700AB0E22 /* UIView+Extensions.swift in Sources */ = {isa = PBXBuildFile; fileRef = 551A05A91CC4144700AB0E22 /* UIView+Extensions.swift */; };
		5541E58D1D2AAF4700447C6F /* SubmitButton.swift in Sources */ = {isa = PBXBuildFile; fileRef = 5541E58C1D2AAF4700447C6F /* SubmitButton.swift */; };
		5548BD121CE480FA00F4EA89 /* CustomCollectionViewLayout.storyboard in Resources */ = {isa = PBXBuildFile; fileRef = 5548BD111CE480FA00F4EA89 /* CustomCollectionViewLayout.storyboard */; };
		5548BD141CE4811E00F4EA89 /* CustomCollectionViewLayoutViewController.swift in Sources */ = {isa = PBXBuildFile; fileRef = 5548BD131CE4811E00F4EA89 /* CustomCollectionViewLayoutViewController.swift */; };
		556B22431CF2467200C54FAF /* DoorMenu.storyboard in Resources */ = {isa = PBXBuildFile; fileRef = 556B22421CF2467200C54FAF /* DoorMenu.storyboard */; };
		556B22451CF2469200C54FAF /* DoorMenuViewController.swift in Sources */ = {isa = PBXBuildFile; fileRef = 556B22441CF2469200C54FAF /* DoorMenuViewController.swift */; };
		5571C99C1CEA56AD001EA3EB /* TransformNavigationController.storyboard in Resources */ = {isa = PBXBuildFile; fileRef = 5571C99B1CEA56AD001EA3EB /* TransformNavigationController.storyboard */; };
		5571C99E1CEA56C3001EA3EB /* TransformNavigationController.swift in Sources */ = {isa = PBXBuildFile; fileRef = 5571C99D1CEA56C3001EA3EB /* TransformNavigationController.swift */; };
		557E17C31CC6A7B200A25E98 /* ViewDragging.storyboard in Resources */ = {isa = PBXBuildFile; fileRef = 557E17C21CC6A7B200A25E98 /* ViewDragging.storyboard */; };
		557E17C51CC6A7C500A25E98 /* ViewDraggingViewController.swift in Sources */ = {isa = PBXBuildFile; fileRef = 557E17C41CC6A7C500A25E98 /* ViewDraggingViewController.swift */; };
		557E17C81CC6ABD100A25E98 /* DraggableView.swift in Sources */ = {isa = PBXBuildFile; fileRef = 557E17C71CC6ABD100A25E98 /* DraggableView.swift */; };
		557E17CB1CC6B7E800A25E98 /* GestureRecognizersViewController.swift in Sources */ = {isa = PBXBuildFile; fileRef = 557E17CA1CC6B7E800A25E98 /* GestureRecognizersViewController.swift */; };
		557E17CD1CC6B7F700A25E98 /* GestureRecognizers.storyboard in Resources */ = {isa = PBXBuildFile; fileRef = 557E17CC1CC6B7F700A25E98 /* GestureRecognizers.storyboard */; };
		5583367B1CE4DD2F000AAC80 /* CustomCollectionViewLayout.swift in Sources */ = {isa = PBXBuildFile; fileRef = 5583367A1CE4DD2F000AAC80 /* CustomCollectionViewLayout.swift */; };
		5583367D1CE4FC67000AAC80 /* CustomCollectionViewCell.swift in Sources */ = {isa = PBXBuildFile; fileRef = 5583367C1CE4FC67000AAC80 /* CustomCollectionViewCell.swift */; };
		558336801CE4FC8A000AAC80 /* CustomCollectionViewCell.xib in Resources */ = {isa = PBXBuildFile; fileRef = 5583367F1CE4FC8A000AAC80 /* CustomCollectionViewCell.xib */; };
		558EC6891CF79A2400B6FD1C /* Angle.swift in Sources */ = {isa = PBXBuildFile; fileRef = 558EC6881CF79A2400B6FD1C /* Angle.swift */; };
		55A5C11A1CD00AD800297406 /* BasicMap.storyboard in Resources */ = {isa = PBXBuildFile; fileRef = 55A5C1191CD00AD800297406 /* BasicMap.storyboard */; };
		55A5C11D1CD00AF600297406 /* BasicMapViewController.swift in Sources */ = {isa = PBXBuildFile; fileRef = 55A5C11C1CD00AF600297406 /* BasicMapViewController.swift */; };
		55A5C11F1CD00C0300297406 /* MapKit.framework in Frameworks */ = {isa = PBXBuildFile; fileRef = 55A5C11E1CD00C0300297406 /* MapKit.framework */; };
		55BC8BE11CBFBB2B005F57B8 /* AppDelegate.swift in Sources */ = {isa = PBXBuildFile; fileRef = 55BC8BE01CBFBB2B005F57B8 /* AppDelegate.swift */; };
		55BC8BE81CBFBB2C005F57B8 /* Assets.xcassets in Resources */ = {isa = PBXBuildFile; fileRef = 55BC8BE71CBFBB2C005F57B8 /* Assets.xcassets */; };
		55BC8BEB1CBFBB2C005F57B8 /* LaunchScreen.storyboard in Resources */ = {isa = PBXBuildFile; fileRef = 55BC8BE91CBFBB2C005F57B8 /* LaunchScreen.storyboard */; };
		55BC8BF61CBFBB2C005F57B8 /* SwiftDemosTests.swift in Sources */ = {isa = PBXBuildFile; fileRef = 55BC8BF51CBFBB2C005F57B8 /* SwiftDemosTests.swift */; };
		55BC8C011CBFBB2C005F57B8 /* SwiftDemosUITests.swift in Sources */ = {isa = PBXBuildFile; fileRef = 55BC8C001CBFBB2C005F57B8 /* SwiftDemosUITests.swift */; };
		55BC8C111CBFBBA8005F57B8 /* TOK.storyboard in Resources */ = {isa = PBXBuildFile; fileRef = 55BC8C101CBFBBA8005F57B8 /* TOK.storyboard */; };
		55BC8C131CBFBBB6005F57B8 /* TOKViewController.swift in Sources */ = {isa = PBXBuildFile; fileRef = 55BC8C121CBFBBB6005F57B8 /* TOKViewController.swift */; };
		55BC8C161CBFBC00005F57B8 /* StoryboardInstantiable.swift in Sources */ = {isa = PBXBuildFile; fileRef = 55BC8C151CBFBC00005F57B8 /* StoryboardInstantiable.swift */; };
		55BC8C181CBFBD47005F57B8 /* NibInstantiable.swift in Sources */ = {isa = PBXBuildFile; fileRef = 55BC8C171CBFBD47005F57B8 /* NibInstantiable.swift */; };
		55BC8C1D1CBFCD16005F57B8 /* Unimplemented.storyboard in Resources */ = {isa = PBXBuildFile; fileRef = 55BC8C1C1CBFCD16005F57B8 /* Unimplemented.storyboard */; };
		55BC8C1F1CBFCD28005F57B8 /* UnimplementedViewController.swift in Sources */ = {isa = PBXBuildFile; fileRef = 55BC8C1E1CBFCD28005F57B8 /* UnimplementedViewController.swift */; };
		55E050181CC010AF00484C27 /* Readme.md in Sources */ = {isa = PBXBuildFile; fileRef = 55E050171CC010AF00484C27 /* Readme.md */; };
		55E0501C1CC0115800484C27 /* LocalNotifications.storyboard in Resources */ = {isa = PBXBuildFile; fileRef = 55E0501B1CC0115800484C27 /* LocalNotifications.storyboard */; };
		55E0501E1CC0116600484C27 /* LocalNotificationsViewController.swift in Sources */ = {isa = PBXBuildFile; fileRef = 55E0501D1CC0116600484C27 /* LocalNotificationsViewController.swift */; };
		55EA21CF1CDFCB40004A0AD0 /* BasicCollectionViewController.storyboard in Resources */ = {isa = PBXBuildFile; fileRef = 55EA21CE1CDFCB40004A0AD0 /* BasicCollectionViewController.storyboard */; };
		55EA21D11CDFCB56004A0AD0 /* BasicCollectionViewController.swift in Sources */ = {isa = PBXBuildFile; fileRef = 55EA21D01CDFCB56004A0AD0 /* BasicCollectionViewController.swift */; };
		55EA21D41CDFCCBC004A0AD0 /* BasicCollectionViewCell.swift in Sources */ = {isa = PBXBuildFile; fileRef = 55EA21D31CDFCCBC004A0AD0 /* BasicCollectionViewCell.swift */; };
		55EA21D61CDFCCD6004A0AD0 /* BasicCollectionHeaderView.swift in Sources */ = {isa = PBXBuildFile; fileRef = 55EA21D51CDFCCD6004A0AD0 /* BasicCollectionHeaderView.swift */; };
		55F6428C1CEC8132004B49DC /* ProgrammaticScrollView.storyboard in Resources */ = {isa = PBXBuildFile; fileRef = 55F6428B1CEC8132004B49DC /* ProgrammaticScrollView.storyboard */; };
		55F6428E1CEC8152004B49DC /* ProgrammaticScrollViewController.swift in Sources */ = {isa = PBXBuildFile; fileRef = 55F6428D1CEC8152004B49DC /* ProgrammaticScrollViewController.swift */; };
/* End PBXBuildFile section */

/* Begin PBXContainerItemProxy section */
		55BC8BF21CBFBB2C005F57B8 /* PBXContainerItemProxy */ = {
			isa = PBXContainerItemProxy;
			containerPortal = 55BC8BD51CBFBB2B005F57B8 /* Project object */;
			proxyType = 1;
			remoteGlobalIDString = 55BC8BDC1CBFBB2B005F57B8;
			remoteInfo = SwiftDemos;
		};
		55BC8BFD1CBFBB2C005F57B8 /* PBXContainerItemProxy */ = {
			isa = PBXContainerItemProxy;
			containerPortal = 55BC8BD51CBFBB2B005F57B8 /* Project object */;
			proxyType = 1;
			remoteGlobalIDString = 55BC8BDC1CBFBB2B005F57B8;
			remoteInfo = SwiftDemos;
		};
/* End PBXContainerItemProxy section */

/* Begin PBXFileReference section */
		18524E9F15CAB140F086ED76 /* Pods_SwiftDemosTests.framework */ = {isa = PBXFileReference; explicitFileType = wrapper.framework; includeInIndex = 0; path = Pods_SwiftDemosTests.framework; sourceTree = BUILT_PRODUCTS_DIR; };
		2A7390661D2BEFB100474554 /* CurtainViewController.swift */ = {isa = PBXFileReference; fileEncoding = 4; lastKnownFileType = sourcecode.swift; path = CurtainViewController.swift; sourceTree = "<group>"; };
		2A7390681D2BEFC600474554 /* CurtainViewDemo.storyboard */ = {isa = PBXFileReference; fileEncoding = 4; lastKnownFileType = file.storyboard; path = CurtainViewDemo.storyboard; sourceTree = "<group>"; };
		2A73906D1D2D1CF900474554 /* GPUImageSwipableFilterView.swift */ = {isa = PBXFileReference; fileEncoding = 4; lastKnownFileType = sourcecode.swift; path = GPUImageSwipableFilterView.swift; sourceTree = "<group>"; };
		2A73906F1D2D497900474554 /* UIGestureRecgonizer+Extensions.swift */ = {isa = PBXFileReference; fileEncoding = 4; lastKnownFileType = sourcecode.swift; path = "UIGestureRecgonizer+Extensions.swift"; sourceTree = "<group>"; };
		2A7390771D2E847300474554 /* GPUImageSwipableVideoFilterView.swift */ = {isa = PBXFileReference; fileEncoding = 4; lastKnownFileType = sourcecode.swift; path = GPUImageSwipableVideoFilterView.swift; sourceTree = "<group>"; };
		2A7390791D2E866700474554 /* sample-video.mov */ = {isa = PBXFileReference; lastKnownFileType = video.quicktime; path = "sample-video.mov"; sourceTree = "<group>"; };
		2A77F67C1CDA4217006BECF6 /* Geocoding.storyboard */ = {isa = PBXFileReference; fileEncoding = 4; lastKnownFileType = file.storyboard; path = Geocoding.storyboard; sourceTree = "<group>"; };
		2A77F67E1CDA4224006BECF6 /* GeocodingViewController.swift */ = {isa = PBXFileReference; fileEncoding = 4; lastKnownFileType = sourcecode.swift; path = GeocodingViewController.swift; sourceTree = "<group>"; };
		2A77F6801CDA44A7006BECF6 /* LocationUtils.swift */ = {isa = PBXFileReference; fileEncoding = 4; lastKnownFileType = sourcecode.swift; path = LocationUtils.swift; sourceTree = "<group>"; };
		2A77F6841CDA44F9006BECF6 /* Podfile */ = {isa = PBXFileReference; fileEncoding = 4; lastKnownFileType = text; path = Podfile; sourceTree = "<group>"; };
		2A9092591CD3A5660037A0B8 /* AffineTransformViewController.swift */ = {isa = PBXFileReference; fileEncoding = 4; lastKnownFileType = sourcecode.swift; path = AffineTransformViewController.swift; sourceTree = "<group>"; };
		2A90925B1CD3A5710037A0B8 /* AffineTransform.storyboard */ = {isa = PBXFileReference; fileEncoding = 4; lastKnownFileType = file.storyboard; path = AffineTransform.storyboard; sourceTree = "<group>"; };
		2A98D4841D339849007C7CE9 /* ColorSliderDemo.storyboard */ = {isa = PBXFileReference; fileEncoding = 4; lastKnownFileType = file.storyboard; path = ColorSliderDemo.storyboard; sourceTree = "<group>"; };
		2A98D4861D339856007C7CE9 /* ColorSliderViewController.swift */ = {isa = PBXFileReference; fileEncoding = 4; lastKnownFileType = sourcecode.swift; path = ColorSliderViewController.swift; sourceTree = "<group>"; };
		2A98D48C1D339EB8007C7CE9 /* ColorSliderView.swift */ = {isa = PBXFileReference; fileEncoding = 4; lastKnownFileType = sourcecode.swift; path = ColorSliderView.swift; sourceTree = "<group>"; };
		2A98D4971D33E52D007C7CE9 /* ManipulableViewDemo.storyboard */ = {isa = PBXFileReference; fileEncoding = 4; lastKnownFileType = file.storyboard; path = ManipulableViewDemo.storyboard; sourceTree = "<group>"; };
		2A98D4991D33E53E007C7CE9 /* ManipulableViewController.swift */ = {isa = PBXFileReference; fileEncoding = 4; lastKnownFileType = sourcecode.swift; path = ManipulableViewController.swift; sourceTree = "<group>"; };
		2A98D49B1D33E54C007C7CE9 /* ManipulableView.swift */ = {isa = PBXFileReference; fileEncoding = 4; lastKnownFileType = sourcecode.swift; path = ManipulableView.swift; sourceTree = "<group>"; };
		2AC701731CDB61CA0007FF7E /* ControllerTransitions.storyboard */ = {isa = PBXFileReference; fileEncoding = 4; lastKnownFileType = file.storyboard; path = ControllerTransitions.storyboard; sourceTree = "<group>"; };
		2AC701751CDB61F00007FF7E /* MasterTransitionViewController.swift */ = {isa = PBXFileReference; fileEncoding = 4; lastKnownFileType = sourcecode.swift; path = MasterTransitionViewController.swift; sourceTree = "<group>"; };
		2AC701771CDB62100007FF7E /* DetailTransitionViewController.swift */ = {isa = PBXFileReference; fileEncoding = 4; lastKnownFileType = sourcecode.swift; path = DetailTransitionViewController.swift; sourceTree = "<group>"; };
		2AC701791CDB63670007FF7E /* SlideAnimator.swift */ = {isa = PBXFileReference; fileEncoding = 4; lastKnownFileType = sourcecode.swift; path = SlideAnimator.swift; sourceTree = "<group>"; };
		2E783D6FBB65F7DA6DC281AA /* Pods-SwiftDemos.release.xcconfig */ = {isa = PBXFileReference; includeInIndex = 1; lastKnownFileType = text.xcconfig; name = "Pods-SwiftDemos.release.xcconfig"; path = "Pods/Target Support Files/Pods-SwiftDemos/Pods-SwiftDemos.release.xcconfig"; sourceTree = "<group>"; };
		37CD6B2155721542F07132C0 /* Pods-SwiftDemosTests.debug.xcconfig */ = {isa = PBXFileReference; includeInIndex = 1; lastKnownFileType = text.xcconfig; name = "Pods-SwiftDemosTests.debug.xcconfig"; path = "Pods/Target Support Files/Pods-SwiftDemosTests/Pods-SwiftDemosTests.debug.xcconfig"; sourceTree = "<group>"; };
		4D33E7F8FCAE4301BEC3BED2 /* Pods-SwiftDemos.debug.xcconfig */ = {isa = PBXFileReference; includeInIndex = 1; lastKnownFileType = text.xcconfig; name = "Pods-SwiftDemos.debug.xcconfig"; path = "Pods/Target Support Files/Pods-SwiftDemos/Pods-SwiftDemos.debug.xcconfig"; sourceTree = "<group>"; };
		551A059C1CC3EB7E00AB0E22 /* LocalNotificationHandler.swift */ = {isa = PBXFileReference; fileEncoding = 4; lastKnownFileType = sourcecode.swift; path = LocalNotificationHandler.swift; sourceTree = "<group>"; };
		551A059E1CC3EBD800AB0E22 /* MainLocalNotificationHandler.swift */ = {isa = PBXFileReference; fileEncoding = 4; lastKnownFileType = sourcecode.swift; path = MainLocalNotificationHandler.swift; sourceTree = "<group>"; };
		551A05A11CC4107800AB0E22 /* AlertUtils.swift */ = {isa = PBXFileReference; fileEncoding = 4; lastKnownFileType = sourcecode.swift; path = AlertUtils.swift; sourceTree = "<group>"; };
		551A05A41CC4109B00AB0E22 /* DemoAlertView.xib */ = {isa = PBXFileReference; fileEncoding = 4; lastKnownFileType = file.xib; path = DemoAlertView.xib; sourceTree = "<group>"; };
		551A05A61CC410AD00AB0E22 /* DemoAlertView.swift */ = {isa = PBXFileReference; fileEncoding = 4; lastKnownFileType = sourcecode.swift; path = DemoAlertView.swift; sourceTree = "<group>"; };
		551A05A91CC4144700AB0E22 /* UIView+Extensions.swift */ = {isa = PBXFileReference; fileEncoding = 4; lastKnownFileType = sourcecode.swift; path = "UIView+Extensions.swift"; sourceTree = "<group>"; };
		5541E58C1D2AAF4700447C6F /* SubmitButton.swift */ = {isa = PBXFileReference; fileEncoding = 4; lastKnownFileType = sourcecode.swift; path = SubmitButton.swift; sourceTree = "<group>"; };
		5548BD111CE480FA00F4EA89 /* CustomCollectionViewLayout.storyboard */ = {isa = PBXFileReference; fileEncoding = 4; lastKnownFileType = file.storyboard; path = CustomCollectionViewLayout.storyboard; sourceTree = "<group>"; };
		5548BD131CE4811E00F4EA89 /* CustomCollectionViewLayoutViewController.swift */ = {isa = PBXFileReference; fileEncoding = 4; lastKnownFileType = sourcecode.swift; path = CustomCollectionViewLayoutViewController.swift; sourceTree = "<group>"; };
		555CAFCB119A126CAB76A15C /* Pods.framework */ = {isa = PBXFileReference; explicitFileType = wrapper.framework; includeInIndex = 0; path = Pods.framework; sourceTree = BUILT_PRODUCTS_DIR; };
		556B22421CF2467200C54FAF /* DoorMenu.storyboard */ = {isa = PBXFileReference; fileEncoding = 4; lastKnownFileType = file.storyboard; path = DoorMenu.storyboard; sourceTree = "<group>"; };
		556B22441CF2469200C54FAF /* DoorMenuViewController.swift */ = {isa = PBXFileReference; fileEncoding = 4; lastKnownFileType = sourcecode.swift; path = DoorMenuViewController.swift; sourceTree = "<group>"; };
		5571C99B1CEA56AD001EA3EB /* TransformNavigationController.storyboard */ = {isa = PBXFileReference; fileEncoding = 4; lastKnownFileType = file.storyboard; path = TransformNavigationController.storyboard; sourceTree = "<group>"; };
		5571C99D1CEA56C3001EA3EB /* TransformNavigationController.swift */ = {isa = PBXFileReference; fileEncoding = 4; lastKnownFileType = sourcecode.swift; path = TransformNavigationController.swift; sourceTree = "<group>"; };
		557E17C21CC6A7B200A25E98 /* ViewDragging.storyboard */ = {isa = PBXFileReference; fileEncoding = 4; lastKnownFileType = file.storyboard; path = ViewDragging.storyboard; sourceTree = "<group>"; };
		557E17C41CC6A7C500A25E98 /* ViewDraggingViewController.swift */ = {isa = PBXFileReference; fileEncoding = 4; lastKnownFileType = sourcecode.swift; path = ViewDraggingViewController.swift; sourceTree = "<group>"; };
		557E17C71CC6ABD100A25E98 /* DraggableView.swift */ = {isa = PBXFileReference; fileEncoding = 4; lastKnownFileType = sourcecode.swift; path = DraggableView.swift; sourceTree = "<group>"; };
		557E17CA1CC6B7E800A25E98 /* GestureRecognizersViewController.swift */ = {isa = PBXFileReference; fileEncoding = 4; lastKnownFileType = sourcecode.swift; path = GestureRecognizersViewController.swift; sourceTree = "<group>"; };
		557E17CC1CC6B7F700A25E98 /* GestureRecognizers.storyboard */ = {isa = PBXFileReference; fileEncoding = 4; lastKnownFileType = file.storyboard; path = GestureRecognizers.storyboard; sourceTree = "<group>"; };
		5583367A1CE4DD2F000AAC80 /* CustomCollectionViewLayout.swift */ = {isa = PBXFileReference; fileEncoding = 4; lastKnownFileType = sourcecode.swift; path = CustomCollectionViewLayout.swift; sourceTree = "<group>"; };
		5583367C1CE4FC67000AAC80 /* CustomCollectionViewCell.swift */ = {isa = PBXFileReference; fileEncoding = 4; lastKnownFileType = sourcecode.swift; path = CustomCollectionViewCell.swift; sourceTree = "<group>"; };
		5583367F1CE4FC8A000AAC80 /* CustomCollectionViewCell.xib */ = {isa = PBXFileReference; fileEncoding = 4; lastKnownFileType = file.xib; path = CustomCollectionViewCell.xib; sourceTree = "<group>"; };
		558EC6881CF79A2400B6FD1C /* Angle.swift */ = {isa = PBXFileReference; fileEncoding = 4; lastKnownFileType = sourcecode.swift; path = Angle.swift; sourceTree = "<group>"; };
		55A5C1191CD00AD800297406 /* BasicMap.storyboard */ = {isa = PBXFileReference; fileEncoding = 4; lastKnownFileType = file.storyboard; path = BasicMap.storyboard; sourceTree = "<group>"; };
		55A5C11C1CD00AF600297406 /* BasicMapViewController.swift */ = {isa = PBXFileReference; fileEncoding = 4; lastKnownFileType = sourcecode.swift; path = BasicMapViewController.swift; sourceTree = "<group>"; };
		55A5C11E1CD00C0300297406 /* MapKit.framework */ = {isa = PBXFileReference; lastKnownFileType = wrapper.framework; name = MapKit.framework; path = System/Library/Frameworks/MapKit.framework; sourceTree = SDKROOT; };
		55BC8BDD1CBFBB2B005F57B8 /* SwiftDemos.app */ = {isa = PBXFileReference; explicitFileType = wrapper.application; includeInIndex = 0; path = SwiftDemos.app; sourceTree = BUILT_PRODUCTS_DIR; };
		55BC8BE01CBFBB2B005F57B8 /* AppDelegate.swift */ = {isa = PBXFileReference; lastKnownFileType = sourcecode.swift; path = AppDelegate.swift; sourceTree = "<group>"; };
		55BC8BE71CBFBB2C005F57B8 /* Assets.xcassets */ = {isa = PBXFileReference; lastKnownFileType = folder.assetcatalog; path = Assets.xcassets; sourceTree = "<group>"; };
		55BC8BEA1CBFBB2C005F57B8 /* Base */ = {isa = PBXFileReference; lastKnownFileType = file.storyboard; name = Base; path = Base.lproj/LaunchScreen.storyboard; sourceTree = "<group>"; };
		55BC8BEC1CBFBB2C005F57B8 /* Info.plist */ = {isa = PBXFileReference; lastKnownFileType = text.plist.xml; path = Info.plist; sourceTree = "<group>"; };
		55BC8BF11CBFBB2C005F57B8 /* SwiftDemosTests.xctest */ = {isa = PBXFileReference; explicitFileType = wrapper.cfbundle; includeInIndex = 0; path = SwiftDemosTests.xctest; sourceTree = BUILT_PRODUCTS_DIR; };
		55BC8BF51CBFBB2C005F57B8 /* SwiftDemosTests.swift */ = {isa = PBXFileReference; lastKnownFileType = sourcecode.swift; path = SwiftDemosTests.swift; sourceTree = "<group>"; };
		55BC8BF71CBFBB2C005F57B8 /* Info.plist */ = {isa = PBXFileReference; lastKnownFileType = text.plist.xml; path = Info.plist; sourceTree = "<group>"; };
		55BC8BFC1CBFBB2C005F57B8 /* SwiftDemosUITests.xctest */ = {isa = PBXFileReference; explicitFileType = wrapper.cfbundle; includeInIndex = 0; path = SwiftDemosUITests.xctest; sourceTree = BUILT_PRODUCTS_DIR; };
		55BC8C001CBFBB2C005F57B8 /* SwiftDemosUITests.swift */ = {isa = PBXFileReference; lastKnownFileType = sourcecode.swift; path = SwiftDemosUITests.swift; sourceTree = "<group>"; };
		55BC8C021CBFBB2C005F57B8 /* Info.plist */ = {isa = PBXFileReference; lastKnownFileType = text.plist.xml; path = Info.plist; sourceTree = "<group>"; };
		55BC8C101CBFBBA8005F57B8 /* TOK.storyboard */ = {isa = PBXFileReference; fileEncoding = 4; lastKnownFileType = file.storyboard; path = TOK.storyboard; sourceTree = "<group>"; };
		55BC8C121CBFBBB6005F57B8 /* TOKViewController.swift */ = {isa = PBXFileReference; fileEncoding = 4; lastKnownFileType = sourcecode.swift; path = TOKViewController.swift; sourceTree = "<group>"; };
		55BC8C151CBFBC00005F57B8 /* StoryboardInstantiable.swift */ = {isa = PBXFileReference; fileEncoding = 4; lastKnownFileType = sourcecode.swift; path = StoryboardInstantiable.swift; sourceTree = "<group>"; };
		55BC8C171CBFBD47005F57B8 /* NibInstantiable.swift */ = {isa = PBXFileReference; fileEncoding = 4; lastKnownFileType = sourcecode.swift; path = NibInstantiable.swift; sourceTree = "<group>"; };
		55BC8C1C1CBFCD16005F57B8 /* Unimplemented.storyboard */ = {isa = PBXFileReference; fileEncoding = 4; lastKnownFileType = file.storyboard; path = Unimplemented.storyboard; sourceTree = "<group>"; };
		55BC8C1E1CBFCD28005F57B8 /* UnimplementedViewController.swift */ = {isa = PBXFileReference; fileEncoding = 4; lastKnownFileType = sourcecode.swift; path = UnimplementedViewController.swift; sourceTree = "<group>"; };
		55E050171CC010AF00484C27 /* Readme.md */ = {isa = PBXFileReference; fileEncoding = 4; lastKnownFileType = net.daringfireball.markdown; path = Readme.md; sourceTree = "<group>"; };
		55E0501B1CC0115800484C27 /* LocalNotifications.storyboard */ = {isa = PBXFileReference; fileEncoding = 4; lastKnownFileType = file.storyboard; path = LocalNotifications.storyboard; sourceTree = "<group>"; };
		55E0501D1CC0116600484C27 /* LocalNotificationsViewController.swift */ = {isa = PBXFileReference; fileEncoding = 4; lastKnownFileType = sourcecode.swift; path = LocalNotificationsViewController.swift; sourceTree = "<group>"; };
		55EA21CE1CDFCB40004A0AD0 /* BasicCollectionViewController.storyboard */ = {isa = PBXFileReference; fileEncoding = 4; lastKnownFileType = file.storyboard; path = BasicCollectionViewController.storyboard; sourceTree = "<group>"; };
		55EA21D01CDFCB56004A0AD0 /* BasicCollectionViewController.swift */ = {isa = PBXFileReference; fileEncoding = 4; lastKnownFileType = sourcecode.swift; path = BasicCollectionViewController.swift; sourceTree = "<group>"; };
		55EA21D31CDFCCBC004A0AD0 /* BasicCollectionViewCell.swift */ = {isa = PBXFileReference; fileEncoding = 4; lastKnownFileType = sourcecode.swift; path = BasicCollectionViewCell.swift; sourceTree = "<group>"; };
		55EA21D51CDFCCD6004A0AD0 /* BasicCollectionHeaderView.swift */ = {isa = PBXFileReference; fileEncoding = 4; lastKnownFileType = sourcecode.swift; path = BasicCollectionHeaderView.swift; sourceTree = "<group>"; };
		55F6428B1CEC8132004B49DC /* ProgrammaticScrollView.storyboard */ = {isa = PBXFileReference; fileEncoding = 4; lastKnownFileType = file.storyboard; path = ProgrammaticScrollView.storyboard; sourceTree = "<group>"; };
		55F6428D1CEC8152004B49DC /* ProgrammaticScrollViewController.swift */ = {isa = PBXFileReference; fileEncoding = 4; lastKnownFileType = sourcecode.swift; path = ProgrammaticScrollViewController.swift; sourceTree = "<group>"; };
		B2DD3A04837C6AA0FDCB497A /* Pods_SwiftDemos.framework */ = {isa = PBXFileReference; explicitFileType = wrapper.framework; includeInIndex = 0; path = Pods_SwiftDemos.framework; sourceTree = BUILT_PRODUCTS_DIR; };
		C59C4D4329C096381D7D1EC8 /* Pods-SwiftDemosTests.release.xcconfig */ = {isa = PBXFileReference; includeInIndex = 1; lastKnownFileType = text.xcconfig; name = "Pods-SwiftDemosTests.release.xcconfig"; path = "Pods/Target Support Files/Pods-SwiftDemosTests/Pods-SwiftDemosTests.release.xcconfig"; sourceTree = "<group>"; };
/* End PBXFileReference section */

/* Begin PBXFrameworksBuildPhase section */
		55BC8BDA1CBFBB2B005F57B8 /* Frameworks */ = {
			isa = PBXFrameworksBuildPhase;
			buildActionMask = 2147483647;
			files = (
				55A5C11F1CD00C0300297406 /* MapKit.framework in Frameworks */,
				3B05C4DAFC8B4A2BED5CC4B6 /* Pods_SwiftDemos.framework in Frameworks */,
			);
			runOnlyForDeploymentPostprocessing = 0;
		};
		55BC8BEE1CBFBB2C005F57B8 /* Frameworks */ = {
			isa = PBXFrameworksBuildPhase;
			buildActionMask = 2147483647;
			files = (
				377719298CE0E2B1374CEF26 /* Pods_SwiftDemosTests.framework in Frameworks */,
			);
			runOnlyForDeploymentPostprocessing = 0;
		};
		55BC8BF91CBFBB2C005F57B8 /* Frameworks */ = {
			isa = PBXFrameworksBuildPhase;
			buildActionMask = 2147483647;
			files = (
			);
			runOnlyForDeploymentPostprocessing = 0;
		};
/* End PBXFrameworksBuildPhase section */

/* Begin PBXGroup section */
		21A2333C4E0073B5A75D42E8 /* Frameworks */ = {
			isa = PBXGroup;
			children = (
				555CAFCB119A126CAB76A15C /* Pods.framework */,
				B2DD3A04837C6AA0FDCB497A /* Pods_SwiftDemos.framework */,
				18524E9F15CAB140F086ED76 /* Pods_SwiftDemosTests.framework */,
			);
			name = Frameworks;
			sourceTree = "<group>";
		};
		2A7390651D2BEF9F00474554 /* CurtainView */ = {
			isa = PBXGroup;
			children = (
				2A7390661D2BEFB100474554 /* CurtainViewController.swift */,
				2A7390681D2BEFC600474554 /* CurtainViewDemo.storyboard */,
			);
			name = CurtainView;
			sourceTree = "<group>";
		};
		2A77F67B1CDA41EE006BECF6 /* Geocoding */ = {
			isa = PBXGroup;
			children = (
				2A77F67C1CDA4217006BECF6 /* Geocoding.storyboard */,
				2A77F67E1CDA4224006BECF6 /* GeocodingViewController.swift */,
			);
			name = Geocoding;
			sourceTree = "<group>";
		};
		2A9092561CD3A52D0037A0B8 /* CoreGraphics */ = {
			isa = PBXGroup;
			children = (
				2A9092581CD3A54A0037A0B8 /* AffineTransform */,
				5571C99A1CEA5671001EA3EB /* NavigationController */,
			);
			name = CoreGraphics;
			sourceTree = "<group>";
		};
		2A9092581CD3A54A0037A0B8 /* AffineTransform */ = {
			isa = PBXGroup;
			children = (
				2A9092591CD3A5660037A0B8 /* AffineTransformViewController.swift */,
				2A90925B1CD3A5710037A0B8 /* AffineTransform.storyboard */,
			);
			name = AffineTransform;
			sourceTree = "<group>";
		};
		2A98D4831D33982F007C7CE9 /* CustomViews */ = {
			isa = PBXGroup;
			children = (
				2A98D4841D339849007C7CE9 /* ColorSliderDemo.storyboard */,
				2A98D4861D339856007C7CE9 /* ColorSliderViewController.swift */,
				2A98D48C1D339EB8007C7CE9 /* ColorSliderView.swift */,
			);
			name = CustomViews;
			sourceTree = "<group>";
		};
		2A98D4961D33E51C007C7CE9 /* ManipulableView */ = {
			isa = PBXGroup;
			children = (
				2A98D4971D33E52D007C7CE9 /* ManipulableViewDemo.storyboard */,
				2A98D4991D33E53E007C7CE9 /* ManipulableViewController.swift */,
				2A98D49B1D33E54C007C7CE9 /* ManipulableView.swift */,
			);
			name = ManipulableView;
			sourceTree = "<group>";
		};
		2AC701721CDB61B10007FF7E /* CustomTransitions */ = {
			isa = PBXGroup;
			children = (
				2AC701731CDB61CA0007FF7E /* ControllerTransitions.storyboard */,
				2AC701751CDB61F00007FF7E /* MasterTransitionViewController.swift */,
				2AC701771CDB62100007FF7E /* DetailTransitionViewController.swift */,
				2AC701791CDB63670007FF7E /* SlideAnimator.swift */,
			);
			name = CustomTransitions;
			sourceTree = "<group>";
		};
		551A05A01CC4106600AB0E22 /* Utils */ = {
			isa = PBXGroup;
			children = (
				551A05A11CC4107800AB0E22 /* AlertUtils.swift */,
				2A77F6801CDA44A7006BECF6 /* LocationUtils.swift */,
			);
			name = Utils;
			sourceTree = "<group>";
		};
		551A05A31CC4108200AB0E22 /* Views */ = {
			isa = PBXGroup;
			children = (
				551A05A41CC4109B00AB0E22 /* DemoAlertView.xib */,
				551A05A61CC410AD00AB0E22 /* DemoAlertView.swift */,
				5541E58C1D2AAF4700447C6F /* SubmitButton.swift */,
				2A73906D1D2D1CF900474554 /* GPUImageSwipableFilterView.swift */,
				2A7390771D2E847300474554 /* GPUImageSwipableVideoFilterView.swift */,
			);
			name = Views;
			sourceTree = "<group>";
		};
		551A05A81CC4141700AB0E22 /* Extensions */ = {
			isa = PBXGroup;
			children = (
				551A05A91CC4144700AB0E22 /* UIView+Extensions.swift */,
				2A73906F1D2D497900474554 /* UIGestureRecgonizer+Extensions.swift */,
			);
			name = Extensions;
			sourceTree = "<group>";
		};
		5548BD101CE480D000F4EA89 /* CustomCollectionViewLayout */ = {
			isa = PBXGroup;
			children = (
				5548BD111CE480FA00F4EA89 /* CustomCollectionViewLayout.storyboard */,
				5548BD131CE4811E00F4EA89 /* CustomCollectionViewLayoutViewController.swift */,
				558336811CE4FCEC000AAC80 /* CustomLayout */,
				5583367E1CE4FC6D000AAC80 /* CustomCollectionViewCell */,
			);
			name = CustomCollectionViewLayout;
			sourceTree = "<group>";
		};
		556B22411CF2465D00C54FAF /* DoorMenuController */ = {
			isa = PBXGroup;
			children = (
				556B22421CF2467200C54FAF /* DoorMenu.storyboard */,
				556B22441CF2469200C54FAF /* DoorMenuViewController.swift */,
				558EC6881CF79A2400B6FD1C /* Angle.swift */,
			);
			name = DoorMenuController;
			sourceTree = "<group>";
		};
		5571C99A1CEA5671001EA3EB /* NavigationController */ = {
			isa = PBXGroup;
			children = (
				5571C99B1CEA56AD001EA3EB /* TransformNavigationController.storyboard */,
				5571C99D1CEA56C3001EA3EB /* TransformNavigationController.swift */,
			);
			name = NavigationController;
			sourceTree = "<group>";
		};
		557E17C11CC6A74600A25E98 /* Animations */ = {
			isa = PBXGroup;
			children = (
				2A7390651D2BEF9F00474554 /* CurtainView */,
				556B22411CF2465D00C54FAF /* DoorMenuController */,
				2AC701721CDB61B10007FF7E /* CustomTransitions */,
				557E17C61CC6ABAF00A25E98 /* ViewDragging */,
			);
			name = Animations;
			sourceTree = "<group>";
		};
		557E17C61CC6ABAF00A25E98 /* ViewDragging */ = {
			isa = PBXGroup;
			children = (
				557E17C21CC6A7B200A25E98 /* ViewDragging.storyboard */,
				557E17C41CC6A7C500A25E98 /* ViewDraggingViewController.swift */,
				557E17C71CC6ABD100A25E98 /* DraggableView.swift */,
			);
			name = ViewDragging;
			sourceTree = "<group>";
		};
		557E17C91CC6B7C900A25E98 /* GestureRecognizers */ = {
			isa = PBXGroup;
			children = (
				557E17CA1CC6B7E800A25E98 /* GestureRecognizersViewController.swift */,
				557E17CC1CC6B7F700A25E98 /* GestureRecognizers.storyboard */,
				2A98D4961D33E51C007C7CE9 /* ManipulableView */,
			);
			name = GestureRecognizers;
			sourceTree = "<group>";
		};
		5583367E1CE4FC6D000AAC80 /* CustomCollectionViewCell */ = {
			isa = PBXGroup;
			children = (
				5583367C1CE4FC67000AAC80 /* CustomCollectionViewCell.swift */,
				5583367F1CE4FC8A000AAC80 /* CustomCollectionViewCell.xib */,
			);
			name = CustomCollectionViewCell;
			sourceTree = "<group>";
		};
		558336811CE4FCEC000AAC80 /* CustomLayout */ = {
			isa = PBXGroup;
			children = (
				5583367A1CE4DD2F000AAC80 /* CustomCollectionViewLayout.swift */,
			);
			name = CustomLayout;
			sourceTree = "<group>";
		};
		55A5C1181CD00A8B00297406 /* MapKit */ = {
			isa = PBXGroup;
			children = (
				2A77F67B1CDA41EE006BECF6 /* Geocoding */,
				55A5C11B1CD00AE300297406 /* BasicMap */,
			);
			name = MapKit;
			sourceTree = "<group>";
		};
		55A5C11B1CD00AE300297406 /* BasicMap */ = {
			isa = PBXGroup;
			children = (
				55A5C1191CD00AD800297406 /* BasicMap.storyboard */,
				55A5C11C1CD00AF600297406 /* BasicMapViewController.swift */,
			);
			name = BasicMap;
			sourceTree = "<group>";
		};
		55BC8BD41CBFBB2B005F57B8 = {
			isa = PBXGroup;
			children = (
				2A77F6841CDA44F9006BECF6 /* Podfile */,
				55A5C11E1CD00C0300297406 /* MapKit.framework */,
				55E050171CC010AF00484C27 /* Readme.md */,
				55BC8BDF1CBFBB2B005F57B8 /* SwiftDemos */,
				55BC8BF41CBFBB2C005F57B8 /* SwiftDemosTests */,
				55BC8BFF1CBFBB2C005F57B8 /* SwiftDemosUITests */,
				55BC8BDE1CBFBB2B005F57B8 /* Products */,
				21A2333C4E0073B5A75D42E8 /* Frameworks */,
				86B6D2648C57694EE7DEAB12 /* Pods */,
			);
			sourceTree = "<group>";
		};
		55BC8BDE1CBFBB2B005F57B8 /* Products */ = {
			isa = PBXGroup;
			children = (
				55BC8BDD1CBFBB2B005F57B8 /* SwiftDemos.app */,
				55BC8BF11CBFBB2C005F57B8 /* SwiftDemosTests.xctest */,
				55BC8BFC1CBFBB2C005F57B8 /* SwiftDemosUITests.xctest */,
			);
			name = Products;
			sourceTree = "<group>";
		};
		55BC8BDF1CBFBB2B005F57B8 /* SwiftDemos */ = {
			isa = PBXGroup;
			children = (
				55BC8BE01CBFBB2B005F57B8 /* AppDelegate.swift */,
				55BC8C0E1CBFBB4A005F57B8 /* Support */,
				551A05A81CC4141700AB0E22 /* Extensions */,
				55BC8C141CBFBBE7005F57B8 /* Protocols */,
				551A05A31CC4108200AB0E22 /* Views */,
				551A05A01CC4106600AB0E22 /* Utils */,
				55BC8C0F1CBFBB8C005F57B8 /* TOK */,
			);
			path = SwiftDemos;
			sourceTree = "<group>";
		};
		55BC8BF41CBFBB2C005F57B8 /* SwiftDemosTests */ = {
			isa = PBXGroup;
			children = (
				55BC8BF51CBFBB2C005F57B8 /* SwiftDemosTests.swift */,
				55BC8BF71CBFBB2C005F57B8 /* Info.plist */,
			);
			path = SwiftDemosTests;
			sourceTree = "<group>";
		};
		55BC8BFF1CBFBB2C005F57B8 /* SwiftDemosUITests */ = {
			isa = PBXGroup;
			children = (
				55BC8C001CBFBB2C005F57B8 /* SwiftDemosUITests.swift */,
				55BC8C021CBFBB2C005F57B8 /* Info.plist */,
			);
			path = SwiftDemosUITests;
			sourceTree = "<group>";
		};
		55BC8C0E1CBFBB4A005F57B8 /* Support */ = {
			isa = PBXGroup;
			children = (
				2A7390791D2E866700474554 /* sample-video.mov */,
				55BC8BE91CBFBB2C005F57B8 /* LaunchScreen.storyboard */,
				55BC8BE71CBFBB2C005F57B8 /* Assets.xcassets */,
				55BC8BEC1CBFBB2C005F57B8 /* Info.plist */,
			);
			name = Support;
			sourceTree = "<group>";
		};
		55BC8C0F1CBFBB8C005F57B8 /* TOK */ = {
			isa = PBXGroup;
			children = (
				55BC8C101CBFBBA8005F57B8 /* TOK.storyboard */,
				55BC8C121CBFBBB6005F57B8 /* TOKViewController.swift */,
				55F6428A1CEC8117004B49DC /* UIViews */,
				2A98D4831D33982F007C7CE9 /* CustomViews */,
				55EA21CD1CDFCB1C004A0AD0 /* UICollectionView */,
				55E050191CC0112000484C27 /* Notifications */,
				557E17C91CC6B7C900A25E98 /* GestureRecognizers */,
				557E17C11CC6A74600A25E98 /* Animations */,
				55A5C1181CD00A8B00297406 /* MapKit */,
				2A9092561CD3A52D0037A0B8 /* CoreGraphics */,
				55BC8C1B1CBFCCFB005F57B8 /* Unimplemented */,
			);
			name = TOK;
			sourceTree = "<group>";
		};
		55BC8C141CBFBBE7005F57B8 /* Protocols */ = {
			isa = PBXGroup;
			children = (
				55BC8C151CBFBC00005F57B8 /* StoryboardInstantiable.swift */,
				55BC8C171CBFBD47005F57B8 /* NibInstantiable.swift */,
			);
			name = Protocols;
			sourceTree = "<group>";
		};
		55BC8C1B1CBFCCFB005F57B8 /* Unimplemented */ = {
			isa = PBXGroup;
			children = (
				55BC8C1C1CBFCD16005F57B8 /* Unimplemented.storyboard */,
				55BC8C1E1CBFCD28005F57B8 /* UnimplementedViewController.swift */,
			);
			name = Unimplemented;
			sourceTree = "<group>";
		};
		55E050191CC0112000484C27 /* Notifications */ = {
			isa = PBXGroup;
			children = (
				55E0501A1CC0113A00484C27 /* LocalNotifications */,
			);
			name = Notifications;
			sourceTree = "<group>";
		};
		55E0501A1CC0113A00484C27 /* LocalNotifications */ = {
			isa = PBXGroup;
			children = (
				55E0501B1CC0115800484C27 /* LocalNotifications.storyboard */,
				55E0501D1CC0116600484C27 /* LocalNotificationsViewController.swift */,
				551A059C1CC3EB7E00AB0E22 /* LocalNotificationHandler.swift */,
				551A059E1CC3EBD800AB0E22 /* MainLocalNotificationHandler.swift */,
			);
			name = LocalNotifications;
			sourceTree = "<group>";
		};
		55EA21CD1CDFCB1C004A0AD0 /* UICollectionView */ = {
			isa = PBXGroup;
			children = (
				55EA21D21CDFCBE7004A0AD0 /* BasicCollectionView */,
				5548BD101CE480D000F4EA89 /* CustomCollectionViewLayout */,
			);
			name = UICollectionView;
			sourceTree = "<group>";
		};
		55EA21D21CDFCBE7004A0AD0 /* BasicCollectionView */ = {
			isa = PBXGroup;
			children = (
				55EA21CE1CDFCB40004A0AD0 /* BasicCollectionViewController.storyboard */,
				55EA21D01CDFCB56004A0AD0 /* BasicCollectionViewController.swift */,
				55EA21D31CDFCCBC004A0AD0 /* BasicCollectionViewCell.swift */,
				55EA21D51CDFCCD6004A0AD0 /* BasicCollectionHeaderView.swift */,
			);
			name = BasicCollectionView;
			sourceTree = "<group>";
		};
		55F6428A1CEC8117004B49DC /* UIViews */ = {
			isa = PBXGroup;
			children = (
				55F6428B1CEC8132004B49DC /* ProgrammaticScrollView.storyboard */,
				55F6428D1CEC8152004B49DC /* ProgrammaticScrollViewController.swift */,
			);
			name = UIViews;
			sourceTree = "<group>";
		};
		86B6D2648C57694EE7DEAB12 /* Pods */ = {
			isa = PBXGroup;
			children = (
				4D33E7F8FCAE4301BEC3BED2 /* Pods-SwiftDemos.debug.xcconfig */,
				2E783D6FBB65F7DA6DC281AA /* Pods-SwiftDemos.release.xcconfig */,
				37CD6B2155721542F07132C0 /* Pods-SwiftDemosTests.debug.xcconfig */,
				C59C4D4329C096381D7D1EC8 /* Pods-SwiftDemosTests.release.xcconfig */,
			);
			name = Pods;
			sourceTree = "<group>";
		};
/* End PBXGroup section */

/* Begin PBXNativeTarget section */
		55BC8BDC1CBFBB2B005F57B8 /* SwiftDemos */ = {
			isa = PBXNativeTarget;
			buildConfigurationList = 55BC8C051CBFBB2C005F57B8 /* Build configuration list for PBXNativeTarget "SwiftDemos" */;
			buildPhases = (
				922011D40698F94E3045D1A5 /* 📦 Check Pods Manifest.lock */,
				55BC8BD91CBFBB2B005F57B8 /* Sources */,
				55BC8BDA1CBFBB2B005F57B8 /* Frameworks */,
				55BC8BDB1CBFBB2B005F57B8 /* Resources */,
				BCA5FC171EA0FBCFA9A048E9 /* 📦 Embed Pods Frameworks */,
				70EF39A2FE259CB482B87BE7 /* 📦 Copy Pods Resources */,
			);
			buildRules = (
			);
			dependencies = (
			);
			name = SwiftDemos;
			productName = SwiftDemos;
			productReference = 55BC8BDD1CBFBB2B005F57B8 /* SwiftDemos.app */;
			productType = "com.apple.product-type.application";
		};
		55BC8BF01CBFBB2C005F57B8 /* SwiftDemosTests */ = {
			isa = PBXNativeTarget;
			buildConfigurationList = 55BC8C081CBFBB2C005F57B8 /* Build configuration list for PBXNativeTarget "SwiftDemosTests" */;
			buildPhases = (
				5454E61DCCFC7B70E59740A3 /* 📦 Check Pods Manifest.lock */,
				55BC8BED1CBFBB2C005F57B8 /* Sources */,
				55BC8BEE1CBFBB2C005F57B8 /* Frameworks */,
				55BC8BEF1CBFBB2C005F57B8 /* Resources */,
				AE2E7D73C5CC1CDCB998241D /* 📦 Embed Pods Frameworks */,
				C2C4713F57B47DCB6739FB0A /* 📦 Copy Pods Resources */,
			);
			buildRules = (
			);
			dependencies = (
				55BC8BF31CBFBB2C005F57B8 /* PBXTargetDependency */,
			);
			name = SwiftDemosTests;
			productName = SwiftDemosTests;
			productReference = 55BC8BF11CBFBB2C005F57B8 /* SwiftDemosTests.xctest */;
			productType = "com.apple.product-type.bundle.unit-test";
		};
		55BC8BFB1CBFBB2C005F57B8 /* SwiftDemosUITests */ = {
			isa = PBXNativeTarget;
			buildConfigurationList = 55BC8C0B1CBFBB2C005F57B8 /* Build configuration list for PBXNativeTarget "SwiftDemosUITests" */;
			buildPhases = (
				55BC8BF81CBFBB2C005F57B8 /* Sources */,
				55BC8BF91CBFBB2C005F57B8 /* Frameworks */,
				55BC8BFA1CBFBB2C005F57B8 /* Resources */,
			);
			buildRules = (
			);
			dependencies = (
				55BC8BFE1CBFBB2C005F57B8 /* PBXTargetDependency */,
			);
			name = SwiftDemosUITests;
			productName = SwiftDemosUITests;
			productReference = 55BC8BFC1CBFBB2C005F57B8 /* SwiftDemosUITests.xctest */;
			productType = "com.apple.product-type.bundle.ui-testing";
		};
/* End PBXNativeTarget section */

/* Begin PBXProject section */
		55BC8BD51CBFBB2B005F57B8 /* Project object */ = {
			isa = PBXProject;
			attributes = {
				LastSwiftUpdateCheck = 0730;
				LastUpgradeCheck = 0730;
				ORGANIZATIONNAME = "Piotr Gorzelany";
				TargetAttributes = {
					55BC8BDC1CBFBB2B005F57B8 = {
						CreatedOnToolsVersion = 7.3;
						DevelopmentTeam = 3F23SFH9E6;
					};
					55BC8BF01CBFBB2C005F57B8 = {
						CreatedOnToolsVersion = 7.3;
						TestTargetID = 55BC8BDC1CBFBB2B005F57B8;
					};
					55BC8BFB1CBFBB2C005F57B8 = {
						CreatedOnToolsVersion = 7.3;
						TestTargetID = 55BC8BDC1CBFBB2B005F57B8;
					};
				};
			};
			buildConfigurationList = 55BC8BD81CBFBB2B005F57B8 /* Build configuration list for PBXProject "SwiftDemos" */;
			compatibilityVersion = "Xcode 3.2";
			developmentRegion = English;
			hasScannedForEncodings = 0;
			knownRegions = (
				en,
				Base,
			);
			mainGroup = 55BC8BD41CBFBB2B005F57B8;
			productRefGroup = 55BC8BDE1CBFBB2B005F57B8 /* Products */;
			projectDirPath = "";
			projectRoot = "";
			targets = (
				55BC8BDC1CBFBB2B005F57B8 /* SwiftDemos */,
				55BC8BF01CBFBB2C005F57B8 /* SwiftDemosTests */,
				55BC8BFB1CBFBB2C005F57B8 /* SwiftDemosUITests */,
			);
		};
/* End PBXProject section */

/* Begin PBXResourcesBuildPhase section */
		55BC8BDB1CBFBB2B005F57B8 /* Resources */ = {
			isa = PBXResourcesBuildPhase;
			buildActionMask = 2147483647;
			files = (
				2A90925C1CD3A5710037A0B8 /* AffineTransform.storyboard in Resources */,
				2A77F67D1CDA4217006BECF6 /* Geocoding.storyboard in Resources */,
				55EA21CF1CDFCB40004A0AD0 /* BasicCollectionViewController.storyboard in Resources */,
				55BC8BEB1CBFBB2C005F57B8 /* LaunchScreen.storyboard in Resources */,
				55BC8BE81CBFBB2C005F57B8 /* Assets.xcassets in Resources */,
				2A98D4981D33E52D007C7CE9 /* ManipulableViewDemo.storyboard in Resources */,
				5571C99C1CEA56AD001EA3EB /* TransformNavigationController.storyboard in Resources */,
				55A5C11A1CD00AD800297406 /* BasicMap.storyboard in Resources */,
				2AC701741CDB61CA0007FF7E /* ControllerTransitions.storyboard in Resources */,
				55F6428C1CEC8132004B49DC /* ProgrammaticScrollView.storyboard in Resources */,
				556B22431CF2467200C54FAF /* DoorMenu.storyboard in Resources */,
				551A05A51CC4109B00AB0E22 /* DemoAlertView.xib in Resources */,
				2A73907A1D2E866700474554 /* sample-video.mov in Resources */,
				2A77F6851CDA44F9006BECF6 /* Podfile in Resources */,
				55BC8C1D1CBFCD16005F57B8 /* Unimplemented.storyboard in Resources */,
				55E0501C1CC0115800484C27 /* LocalNotifications.storyboard in Resources */,
				557E17C31CC6A7B200A25E98 /* ViewDragging.storyboard in Resources */,
				5548BD121CE480FA00F4EA89 /* CustomCollectionViewLayout.storyboard in Resources */,
				557E17CD1CC6B7F700A25E98 /* GestureRecognizers.storyboard in Resources */,
				2A98D4851D339849007C7CE9 /* ColorSliderDemo.storyboard in Resources */,
				55BC8C111CBFBBA8005F57B8 /* TOK.storyboard in Resources */,
				558336801CE4FC8A000AAC80 /* CustomCollectionViewCell.xib in Resources */,
				2A7390691D2BEFC600474554 /* CurtainViewDemo.storyboard in Resources */,
			);
			runOnlyForDeploymentPostprocessing = 0;
		};
		55BC8BEF1CBFBB2C005F57B8 /* Resources */ = {
			isa = PBXResourcesBuildPhase;
			buildActionMask = 2147483647;
			files = (
			);
			runOnlyForDeploymentPostprocessing = 0;
		};
		55BC8BFA1CBFBB2C005F57B8 /* Resources */ = {
			isa = PBXResourcesBuildPhase;
			buildActionMask = 2147483647;
			files = (
			);
			runOnlyForDeploymentPostprocessing = 0;
		};
/* End PBXResourcesBuildPhase section */

/* Begin PBXShellScriptBuildPhase section */
		5454E61DCCFC7B70E59740A3 /* 📦 Check Pods Manifest.lock */ = {
			isa = PBXShellScriptBuildPhase;
			buildActionMask = 2147483647;
			files = (
			);
			inputPaths = (
			);
			name = "📦 Check Pods Manifest.lock";
			outputPaths = (
			);
			runOnlyForDeploymentPostprocessing = 0;
			shellPath = /bin/sh;
			shellScript = "diff \"${PODS_ROOT}/../Podfile.lock\" \"${PODS_ROOT}/Manifest.lock\" > /dev/null\nif [[ $? != 0 ]] ; then\n    cat << EOM\nerror: The sandbox is not in sync with the Podfile.lock. Run 'pod install' or update your CocoaPods installation.\nEOM\n    exit 1\nfi\n";
			showEnvVarsInLog = 0;
		};
		70EF39A2FE259CB482B87BE7 /* 📦 Copy Pods Resources */ = {
			isa = PBXShellScriptBuildPhase;
			buildActionMask = 2147483647;
			files = (
			);
			inputPaths = (
			);
			name = "📦 Copy Pods Resources";
			outputPaths = (
			);
			runOnlyForDeploymentPostprocessing = 0;
			shellPath = /bin/sh;
			shellScript = "\"${SRCROOT}/Pods/Target Support Files/Pods-SwiftDemos/Pods-SwiftDemos-resources.sh\"\n";
			showEnvVarsInLog = 0;
		};
		922011D40698F94E3045D1A5 /* 📦 Check Pods Manifest.lock */ = {
			isa = PBXShellScriptBuildPhase;
			buildActionMask = 2147483647;
			files = (
			);
			inputPaths = (
			);
			name = "📦 Check Pods Manifest.lock";
			outputPaths = (
			);
			runOnlyForDeploymentPostprocessing = 0;
			shellPath = /bin/sh;
			shellScript = "diff \"${PODS_ROOT}/../Podfile.lock\" \"${PODS_ROOT}/Manifest.lock\" > /dev/null\nif [[ $? != 0 ]] ; then\n    cat << EOM\nerror: The sandbox is not in sync with the Podfile.lock. Run 'pod install' or update your CocoaPods installation.\nEOM\n    exit 1\nfi\n";
			showEnvVarsInLog = 0;
		};
		AE2E7D73C5CC1CDCB998241D /* 📦 Embed Pods Frameworks */ = {
			isa = PBXShellScriptBuildPhase;
			buildActionMask = 2147483647;
			files = (
			);
			inputPaths = (
			);
			name = "📦 Embed Pods Frameworks";
			outputPaths = (
			);
			runOnlyForDeploymentPostprocessing = 0;
			shellPath = /bin/sh;
			shellScript = "\"${SRCROOT}/Pods/Target Support Files/Pods-SwiftDemosTests/Pods-SwiftDemosTests-frameworks.sh\"\n";
			showEnvVarsInLog = 0;
		};
		BCA5FC171EA0FBCFA9A048E9 /* 📦 Embed Pods Frameworks */ = {
			isa = PBXShellScriptBuildPhase;
			buildActionMask = 2147483647;
			files = (
			);
			inputPaths = (
			);
			name = "📦 Embed Pods Frameworks";
			outputPaths = (
			);
			runOnlyForDeploymentPostprocessing = 0;
			shellPath = /bin/sh;
			shellScript = "\"${SRCROOT}/Pods/Target Support Files/Pods-SwiftDemos/Pods-SwiftDemos-frameworks.sh\"\n";
			showEnvVarsInLog = 0;
		};
		C2C4713F57B47DCB6739FB0A /* 📦 Copy Pods Resources */ = {
			isa = PBXShellScriptBuildPhase;
			buildActionMask = 2147483647;
			files = (
			);
			inputPaths = (
			);
			name = "📦 Copy Pods Resources";
			outputPaths = (
			);
			runOnlyForDeploymentPostprocessing = 0;
			shellPath = /bin/sh;
			shellScript = "\"${SRCROOT}/Pods/Target Support Files/Pods-SwiftDemosTests/Pods-SwiftDemosTests-resources.sh\"\n";
			showEnvVarsInLog = 0;
		};
/* End PBXShellScriptBuildPhase section */

/* Begin PBXSourcesBuildPhase section */
		55BC8BD91CBFBB2B005F57B8 /* Sources */ = {
			isa = PBXSourcesBuildPhase;
			buildActionMask = 2147483647;
			files = (
				2A90925A1CD3A5660037A0B8 /* AffineTransformViewController.swift in Sources */,
				2A98D4871D339856007C7CE9 /* ColorSliderViewController.swift in Sources */,
				55EA21D41CDFCCBC004A0AD0 /* BasicCollectionViewCell.swift in Sources */,
				2A98D49A1D33E53E007C7CE9 /* ManipulableViewController.swift in Sources */,
				5548BD141CE4811E00F4EA89 /* CustomCollectionViewLayoutViewController.swift in Sources */,
				557E17C81CC6ABD100A25E98 /* DraggableView.swift in Sources */,
				2A98D48D1D339EB8007C7CE9 /* ColorSliderView.swift in Sources */,
				5583367B1CE4DD2F000AAC80 /* CustomCollectionViewLayout.swift in Sources */,
				2AC701781CDB62100007FF7E /* DetailTransitionViewController.swift in Sources */,
				557E17C51CC6A7C500A25E98 /* ViewDraggingViewController.swift in Sources */,
				2A98D49C1D33E54C007C7CE9 /* ManipulableView.swift in Sources */,
				551A05A21CC4107800AB0E22 /* AlertUtils.swift in Sources */,
				55BC8BE11CBFBB2B005F57B8 /* AppDelegate.swift in Sources */,
				2AC701761CDB61F00007FF7E /* MasterTransitionViewController.swift in Sources */,
				551A059D1CC3EB7E00AB0E22 /* LocalNotificationHandler.swift in Sources */,
				551A05A71CC410AD00AB0E22 /* DemoAlertView.swift in Sources */,
				2A73906E1D2D1CF900474554 /* GPUImageSwipableFilterView.swift in Sources */,
				55A5C11D1CD00AF600297406 /* BasicMapViewController.swift in Sources */,
				558EC6891CF79A2400B6FD1C /* Angle.swift in Sources */,
				2A77F6811CDA44A7006BECF6 /* LocationUtils.swift in Sources */,
				2A77F67F1CDA4224006BECF6 /* GeocodingViewController.swift in Sources */,
				5583367D1CE4FC67000AAC80 /* CustomCollectionViewCell.swift in Sources */,
				2A7390671D2BEFB100474554 /* CurtainViewController.swift in Sources */,
				55BC8C1F1CBFCD28005F57B8 /* UnimplementedViewController.swift in Sources */,
				55E050181CC010AF00484C27 /* Readme.md in Sources */,
				551A05AA1CC4144700AB0E22 /* UIView+Extensions.swift in Sources */,
				55BC8C161CBFBC00005F57B8 /* StoryboardInstantiable.swift in Sources */,
				55BC8C131CBFBBB6005F57B8 /* TOKViewController.swift in Sources */,
				55E0501E1CC0116600484C27 /* LocalNotificationsViewController.swift in Sources */,
				55EA21D61CDFCCD6004A0AD0 /* BasicCollectionHeaderView.swift in Sources */,
				55F6428E1CEC8152004B49DC /* ProgrammaticScrollViewController.swift in Sources */,
				2A7390781D2E847300474554 /* GPUImageSwipableVideoFilterView.swift in Sources */,
				2A7390701D2D497900474554 /* UIGestureRecgonizer+Extensions.swift in Sources */,
				557E17CB1CC6B7E800A25E98 /* GestureRecognizersViewController.swift in Sources */,
				55EA21D11CDFCB56004A0AD0 /* BasicCollectionViewController.swift in Sources */,
				5541E58D1D2AAF4700447C6F /* SubmitButton.swift in Sources */,
				55BC8C181CBFBD47005F57B8 /* NibInstantiable.swift in Sources */,
				2AC7017A1CDB63670007FF7E /* SlideAnimator.swift in Sources */,
				556B22451CF2469200C54FAF /* DoorMenuViewController.swift in Sources */,
				551A059F1CC3EBD800AB0E22 /* MainLocalNotificationHandler.swift in Sources */,
				5571C99E1CEA56C3001EA3EB /* TransformNavigationController.swift in Sources */,
			);
			runOnlyForDeploymentPostprocessing = 0;
		};
		55BC8BED1CBFBB2C005F57B8 /* Sources */ = {
			isa = PBXSourcesBuildPhase;
			buildActionMask = 2147483647;
			files = (
				55BC8BF61CBFBB2C005F57B8 /* SwiftDemosTests.swift in Sources */,
			);
			runOnlyForDeploymentPostprocessing = 0;
		};
		55BC8BF81CBFBB2C005F57B8 /* Sources */ = {
			isa = PBXSourcesBuildPhase;
			buildActionMask = 2147483647;
			files = (
				55BC8C011CBFBB2C005F57B8 /* SwiftDemosUITests.swift in Sources */,
			);
			runOnlyForDeploymentPostprocessing = 0;
		};
/* End PBXSourcesBuildPhase section */

/* Begin PBXTargetDependency section */
		55BC8BF31CBFBB2C005F57B8 /* PBXTargetDependency */ = {
			isa = PBXTargetDependency;
			target = 55BC8BDC1CBFBB2B005F57B8 /* SwiftDemos */;
			targetProxy = 55BC8BF21CBFBB2C005F57B8 /* PBXContainerItemProxy */;
		};
		55BC8BFE1CBFBB2C005F57B8 /* PBXTargetDependency */ = {
			isa = PBXTargetDependency;
			target = 55BC8BDC1CBFBB2B005F57B8 /* SwiftDemos */;
			targetProxy = 55BC8BFD1CBFBB2C005F57B8 /* PBXContainerItemProxy */;
		};
/* End PBXTargetDependency section */

/* Begin PBXVariantGroup section */
		55BC8BE91CBFBB2C005F57B8 /* LaunchScreen.storyboard */ = {
			isa = PBXVariantGroup;
			children = (
				55BC8BEA1CBFBB2C005F57B8 /* Base */,
			);
			name = LaunchScreen.storyboard;
			sourceTree = "<group>";
		};
/* End PBXVariantGroup section */

/* Begin XCBuildConfiguration section */
		55BC8C031CBFBB2C005F57B8 /* Debug */ = {
			isa = XCBuildConfiguration;
			buildSettings = {
				ALWAYS_SEARCH_USER_PATHS = NO;
				CLANG_ANALYZER_NONNULL = YES;
				CLANG_CXX_LANGUAGE_STANDARD = "gnu++0x";
				CLANG_CXX_LIBRARY = "libc++";
				CLANG_ENABLE_MODULES = YES;
				CLANG_ENABLE_OBJC_ARC = YES;
				CLANG_WARN_BOOL_CONVERSION = YES;
				CLANG_WARN_CONSTANT_CONVERSION = YES;
				CLANG_WARN_DIRECT_OBJC_ISA_USAGE = YES_ERROR;
				CLANG_WARN_EMPTY_BODY = YES;
				CLANG_WARN_ENUM_CONVERSION = YES;
				CLANG_WARN_INT_CONVERSION = YES;
				CLANG_WARN_OBJC_ROOT_CLASS = YES_ERROR;
				CLANG_WARN_UNREACHABLE_CODE = YES;
				CLANG_WARN__DUPLICATE_METHOD_MATCH = YES;
				"CODE_SIGN_IDENTITY[sdk=iphoneos*]" = "iPhone Developer";
				COPY_PHASE_STRIP = NO;
				DEBUG_INFORMATION_FORMAT = dwarf;
				ENABLE_STRICT_OBJC_MSGSEND = YES;
				ENABLE_TESTABILITY = YES;
				GCC_C_LANGUAGE_STANDARD = gnu99;
				GCC_DYNAMIC_NO_PIC = NO;
				GCC_NO_COMMON_BLOCKS = YES;
				GCC_OPTIMIZATION_LEVEL = 0;
				GCC_PREPROCESSOR_DEFINITIONS = (
					"DEBUG=1",
					"$(inherited)",
				);
				GCC_WARN_64_TO_32_BIT_CONVERSION = YES;
				GCC_WARN_ABOUT_RETURN_TYPE = YES_ERROR;
				GCC_WARN_UNDECLARED_SELECTOR = YES;
				GCC_WARN_UNINITIALIZED_AUTOS = YES_AGGRESSIVE;
				GCC_WARN_UNUSED_FUNCTION = YES;
				GCC_WARN_UNUSED_VARIABLE = YES;
				IPHONEOS_DEPLOYMENT_TARGET = 9.3;
				MTL_ENABLE_DEBUG_INFO = YES;
				ONLY_ACTIVE_ARCH = YES;
				SDKROOT = iphoneos;
				SWIFT_OPTIMIZATION_LEVEL = "-Onone";
			};
			name = Debug;
		};
		55BC8C041CBFBB2C005F57B8 /* Release */ = {
			isa = XCBuildConfiguration;
			buildSettings = {
				ALWAYS_SEARCH_USER_PATHS = NO;
				CLANG_ANALYZER_NONNULL = YES;
				CLANG_CXX_LANGUAGE_STANDARD = "gnu++0x";
				CLANG_CXX_LIBRARY = "libc++";
				CLANG_ENABLE_MODULES = YES;
				CLANG_ENABLE_OBJC_ARC = YES;
				CLANG_WARN_BOOL_CONVERSION = YES;
				CLANG_WARN_CONSTANT_CONVERSION = YES;
				CLANG_WARN_DIRECT_OBJC_ISA_USAGE = YES_ERROR;
				CLANG_WARN_EMPTY_BODY = YES;
				CLANG_WARN_ENUM_CONVERSION = YES;
				CLANG_WARN_INT_CONVERSION = YES;
				CLANG_WARN_OBJC_ROOT_CLASS = YES_ERROR;
				CLANG_WARN_UNREACHABLE_CODE = YES;
				CLANG_WARN__DUPLICATE_METHOD_MATCH = YES;
				"CODE_SIGN_IDENTITY[sdk=iphoneos*]" = "iPhone Developer";
				COPY_PHASE_STRIP = NO;
				DEBUG_INFORMATION_FORMAT = "dwarf-with-dsym";
				ENABLE_NS_ASSERTIONS = NO;
				ENABLE_STRICT_OBJC_MSGSEND = YES;
				GCC_C_LANGUAGE_STANDARD = gnu99;
				GCC_NO_COMMON_BLOCKS = YES;
				GCC_WARN_64_TO_32_BIT_CONVERSION = YES;
				GCC_WARN_ABOUT_RETURN_TYPE = YES_ERROR;
				GCC_WARN_UNDECLARED_SELECTOR = YES;
				GCC_WARN_UNINITIALIZED_AUTOS = YES_AGGRESSIVE;
				GCC_WARN_UNUSED_FUNCTION = YES;
				GCC_WARN_UNUSED_VARIABLE = YES;
				IPHONEOS_DEPLOYMENT_TARGET = 9.3;
				MTL_ENABLE_DEBUG_INFO = NO;
				SDKROOT = iphoneos;
				VALIDATE_PRODUCT = YES;
			};
			name = Release;
		};
		55BC8C061CBFBB2C005F57B8 /* Debug */ = {
			isa = XCBuildConfiguration;
			baseConfigurationReference = 4D33E7F8FCAE4301BEC3BED2 /* Pods-SwiftDemos.debug.xcconfig */;
			buildSettings = {
				ASSETCATALOG_COMPILER_APPICON_NAME = AppIcon;
				CODE_SIGN_IDENTITY = "iPhone Developer";
				"CODE_SIGN_IDENTITY[sdk=iphoneos*]" = "iPhone Developer";
				INFOPLIST_FILE = SwiftDemos/Info.plist;
				LD_RUNPATH_SEARCH_PATHS = "$(inherited) @executable_path/Frameworks";
				PRODUCT_BUNDLE_IDENTIFIER = com.pgorzelany.SwiftDemos;
				PRODUCT_NAME = "$(TARGET_NAME)";
				PROVISIONING_PROFILE = "";
			};
			name = Debug;
		};
		55BC8C071CBFBB2C005F57B8 /* Release */ = {
			isa = XCBuildConfiguration;
			baseConfigurationReference = 2E783D6FBB65F7DA6DC281AA /* Pods-SwiftDemos.release.xcconfig */;
			buildSettings = {
				ASSETCATALOG_COMPILER_APPICON_NAME = AppIcon;
				CODE_SIGN_IDENTITY = "iPhone Developer";
				"CODE_SIGN_IDENTITY[sdk=iphoneos*]" = "iPhone Developer";
				INFOPLIST_FILE = SwiftDemos/Info.plist;
				LD_RUNPATH_SEARCH_PATHS = "$(inherited) @executable_path/Frameworks";
				PRODUCT_BUNDLE_IDENTIFIER = com.pgorzelany.SwiftDemos;
				PRODUCT_NAME = "$(TARGET_NAME)";
				PROVISIONING_PROFILE = "";
			};
			name = Release;
		};
		55BC8C091CBFBB2C005F57B8 /* Debug */ = {
			isa = XCBuildConfiguration;
			baseConfigurationReference = 37CD6B2155721542F07132C0 /* Pods-SwiftDemosTests.debug.xcconfig */;
			buildSettings = {
				BUNDLE_LOADER = "$(TEST_HOST)";
				INFOPLIST_FILE = SwiftDemosTests/Info.plist;
				LD_RUNPATH_SEARCH_PATHS = "$(inherited) @executable_path/Frameworks @loader_path/Frameworks";
				PRODUCT_BUNDLE_IDENTIFIER = com.pgorzelany.SwiftDemosTests;
				PRODUCT_NAME = "$(TARGET_NAME)";
				TEST_HOST = "$(BUILT_PRODUCTS_DIR)/SwiftDemos.app/SwiftDemos";
			};
			name = Debug;
		};
		55BC8C0A1CBFBB2C005F57B8 /* Release */ = {
			isa = XCBuildConfiguration;
			baseConfigurationReference = C59C4D4329C096381D7D1EC8 /* Pods-SwiftDemosTests.release.xcconfig */;
			buildSettings = {
				BUNDLE_LOADER = "$(TEST_HOST)";
				INFOPLIST_FILE = SwiftDemosTests/Info.plist;
				LD_RUNPATH_SEARCH_PATHS = "$(inherited) @executable_path/Frameworks @loader_path/Frameworks";
				PRODUCT_BUNDLE_IDENTIFIER = com.pgorzelany.SwiftDemosTests;
				PRODUCT_NAME = "$(TARGET_NAME)";
				TEST_HOST = "$(BUILT_PRODUCTS_DIR)/SwiftDemos.app/SwiftDemos";
			};
			name = Release;
		};
		55BC8C0C1CBFBB2C005F57B8 /* Debug */ = {
			isa = XCBuildConfiguration;
			buildSettings = {
				INFOPLIST_FILE = SwiftDemosUITests/Info.plist;
				LD_RUNPATH_SEARCH_PATHS = "$(inherited) @executable_path/Frameworks @loader_path/Frameworks";
				PRODUCT_BUNDLE_IDENTIFIER = com.pgorzelany.SwiftDemosUITests;
				PRODUCT_NAME = "$(TARGET_NAME)";
				TEST_TARGET_NAME = SwiftDemos;
			};
			name = Debug;
		};
		55BC8C0D1CBFBB2C005F57B8 /* Release */ = {
			isa = XCBuildConfiguration;
			buildSettings = {
				INFOPLIST_FILE = SwiftDemosUITests/Info.plist;
				LD_RUNPATH_SEARCH_PATHS = "$(inherited) @executable_path/Frameworks @loader_path/Frameworks";
				PRODUCT_BUNDLE_IDENTIFIER = com.pgorzelany.SwiftDemosUITests;
				PRODUCT_NAME = "$(TARGET_NAME)";
				TEST_TARGET_NAME = SwiftDemos;
			};
			name = Release;
		};
/* End XCBuildConfiguration section */

/* Begin XCConfigurationList section */
		55BC8BD81CBFBB2B005F57B8 /* Build configuration list for PBXProject "SwiftDemos" */ = {
			isa = XCConfigurationList;
			buildConfigurations = (
				55BC8C031CBFBB2C005F57B8 /* Debug */,
				55BC8C041CBFBB2C005F57B8 /* Release */,
			);
			defaultConfigurationIsVisible = 0;
			defaultConfigurationName = Release;
		};
		55BC8C051CBFBB2C005F57B8 /* Build configuration list for PBXNativeTarget "SwiftDemos" */ = {
			isa = XCConfigurationList;
			buildConfigurations = (
				55BC8C061CBFBB2C005F57B8 /* Debug */,
				55BC8C071CBFBB2C005F57B8 /* Release */,
			);
			defaultConfigurationIsVisible = 0;
			defaultConfigurationName = Release;
		};
		55BC8C081CBFBB2C005F57B8 /* Build configuration list for PBXNativeTarget "SwiftDemosTests" */ = {
			isa = XCConfigurationList;
			buildConfigurations = (
				55BC8C091CBFBB2C005F57B8 /* Debug */,
				55BC8C0A1CBFBB2C005F57B8 /* Release */,
			);
			defaultConfigurationIsVisible = 0;
			defaultConfigurationName = Release;
		};
		55BC8C0B1CBFBB2C005F57B8 /* Build configuration list for PBXNativeTarget "SwiftDemosUITests" */ = {
			isa = XCConfigurationList;
			buildConfigurations = (
				55BC8C0C1CBFBB2C005F57B8 /* Debug */,
				55BC8C0D1CBFBB2C005F57B8 /* Release */,
			);
			defaultConfigurationIsVisible = 0;
			defaultConfigurationName = Release;
		};
/* End XCConfigurationList section */
	};
	rootObject = 55BC8BD51CBFBB2B005F57B8 /* Project object */;
}
